// !$*UTF8*$!
{
	archiveVersion = 1;
	classes = {
	};
	objectVersion = 46;
	objects = {

/* Begin PBXBuildFile section */
		D487349719C2E33600F66A35 /* Foundation.framework in Frameworks */ = {isa = PBXBuildFile; fileRef = D487349619C2E33600F66A35 /* Foundation.framework */; };
		D487349919C2E33600F66A35 /* CoreGraphics.framework in Frameworks */ = {isa = PBXBuildFile; fileRef = D487349819C2E33600F66A35 /* CoreGraphics.framework */; };
		D487349B19C2E33600F66A35 /* UIKit.framework in Frameworks */ = {isa = PBXBuildFile; fileRef = D487349A19C2E33600F66A35 /* UIKit.framework */; };
		D48734A119C2E33600F66A35 /* InfoPlist.strings in Resources */ = {isa = PBXBuildFile; fileRef = D487349F19C2E33600F66A35 /* InfoPlist.strings */; };
		D48734A319C2E33600F66A35 /* main.m in Sources */ = {isa = PBXBuildFile; fileRef = D48734A219C2E33600F66A35 /* main.m */; };
		D48734A719C2E33600F66A35 /* GIGAppDelegate.m in Sources */ = {isa = PBXBuildFile; fileRef = D48734A619C2E33600F66A35 /* GIGAppDelegate.m */; };
		D48734AA19C2E33600F66A35 /* Main.storyboard in Resources */ = {isa = PBXBuildFile; fileRef = D48734A819C2E33600F66A35 /* Main.storyboard */; };
		D48734AD19C2E33600F66A35 /* GIGViewController.m in Sources */ = {isa = PBXBuildFile; fileRef = D48734AC19C2E33600F66A35 /* GIGViewController.m */; };
		D48734AF19C2E33600F66A35 /* Images.xcassets in Resources */ = {isa = PBXBuildFile; fileRef = D48734AE19C2E33600F66A35 /* Images.xcassets */; };
		D48734B619C2E33600F66A35 /* XCTest.framework in Frameworks */ = {isa = PBXBuildFile; fileRef = D48734B519C2E33600F66A35 /* XCTest.framework */; };
		D48734B719C2E33600F66A35 /* Foundation.framework in Frameworks */ = {isa = PBXBuildFile; fileRef = D487349619C2E33600F66A35 /* Foundation.framework */; };
		D48734B819C2E33600F66A35 /* UIKit.framework in Frameworks */ = {isa = PBXBuildFile; fileRef = D487349A19C2E33600F66A35 /* UIKit.framework */; };
		D48734C019C2E33600F66A35 /* InfoPlist.strings in Resources */ = {isa = PBXBuildFile; fileRef = D48734BE19C2E33600F66A35 /* InfoPlist.strings */; };
		D48734C219C2E33600F66A35 /* Git_TestTests.m in Sources */ = {isa = PBXBuildFile; fileRef = D48734C119C2E33600F66A35 /* Git_TestTests.m */; };
/* End PBXBuildFile section */

/* Begin PBXContainerItemProxy section */
		D48734B919C2E33600F66A35 /* PBXContainerItemProxy */ = {
			isa = PBXContainerItemProxy;
			containerPortal = D487348B19C2E33600F66A35 /* Project object */;
			proxyType = 1;
			remoteGlobalIDString = D487349219C2E33600F66A35;
			remoteInfo = "Git Test";
		};
/* End PBXContainerItemProxy section */

/* Begin PBXFileReference section */
		D487349319C2E33600F66A35 /* Git Test.app */ = {isa = PBXFileReference; explicitFileType = wrapper.application; includeInIndex = 0; path = "Git Test.app"; sourceTree = BUILT_PRODUCTS_DIR; };
		D487349619C2E33600F66A35 /* Foundation.framework */ = {isa = PBXFileReference; lastKnownFileType = wrapper.framework; name = Foundation.framework; path = System/Library/Frameworks/Foundation.framework; sourceTree = SDKROOT; };
		D487349819C2E33600F66A35 /* CoreGraphics.framework */ = {isa = PBXFileReference; lastKnownFileType = wrapper.framework; name = CoreGraphics.framework; path = System/Library/Frameworks/CoreGraphics.framework; sourceTree = SDKROOT; };
		D487349A19C2E33600F66A35 /* UIKit.framework */ = {isa = PBXFileReference; lastKnownFileType = wrapper.framework; name = UIKit.framework; path = System/Library/Frameworks/UIKit.framework; sourceTree = SDKROOT; };
		D487349E19C2E33600F66A35 /* Git Test-Info.plist */ = {isa = PBXFileReference; lastKnownFileType = text.plist.xml; path = "Git Test-Info.plist"; sourceTree = "<group>"; };
		D48734A019C2E33600F66A35 /* en */ = {isa = PBXFileReference; lastKnownFileType = text.plist.strings; name = en; path = en.lproj/InfoPlist.strings; sourceTree = "<group>"; };
		D48734A219C2E33600F66A35 /* main.m */ = {isa = PBXFileReference; lastKnownFileType = sourcecode.c.objc; path = main.m; sourceTree = "<group>"; };
		D48734A419C2E33600F66A35 /* Git Test-Prefix.pch */ = {isa = PBXFileReference; lastKnownFileType = sourcecode.c.h; path = "Git Test-Prefix.pch"; sourceTree = "<group>"; };
		D48734A519C2E33600F66A35 /* GIGAppDelegate.h */ = {isa = PBXFileReference; lastKnownFileType = sourcecode.c.h; path = GIGAppDelegate.h; sourceTree = "<group>"; };
		D48734A619C2E33600F66A35 /* GIGAppDelegate.m */ = {isa = PBXFileReference; lastKnownFileType = sourcecode.c.objc; path = GIGAppDelegate.m; sourceTree = "<group>"; };
		D48734A919C2E33600F66A35 /* Base */ = {isa = PBXFileReference; lastKnownFileType = file.storyboard; name = Base; path = Base.lproj/Main.storyboard; sourceTree = "<group>"; };
		D48734AB19C2E33600F66A35 /* GIGViewController.h */ = {isa = PBXFileReference; lastKnownFileType = sourcecode.c.h; path = GIGViewController.h; sourceTree = "<group>"; };
		D48734AC19C2E33600F66A35 /* GIGViewController.m */ = {isa = PBXFileReference; lastKnownFileType = sourcecode.c.objc; path = GIGViewController.m; sourceTree = "<group>"; };
		D48734AE19C2E33600F66A35 /* Images.xcassets */ = {isa = PBXFileReference; lastKnownFileType = folder.assetcatalog; path = Images.xcassets; sourceTree = "<group>"; };
		D48734B419C2E33600F66A35 /* Git TestTests.xctest */ = {isa = PBXFileReference; explicitFileType = wrapper.cfbundle; includeInIndex = 0; path = "Git TestTests.xctest"; sourceTree = BUILT_PRODUCTS_DIR; };
		D48734B519C2E33600F66A35 /* XCTest.framework */ = {isa = PBXFileReference; lastKnownFileType = wrapper.framework; name = XCTest.framework; path = Library/Frameworks/XCTest.framework; sourceTree = DEVELOPER_DIR; };
		D48734BD19C2E33600F66A35 /* Git TestTests-Info.plist */ = {isa = PBXFileReference; lastKnownFileType = text.plist.xml; path = "Git TestTests-Info.plist"; sourceTree = "<group>"; };
		D48734BF19C2E33600F66A35 /* en */ = {isa = PBXFileReference; lastKnownFileType = text.plist.strings; name = en; path = en.lproj/InfoPlist.strings; sourceTree = "<group>"; };
		D48734C119C2E33600F66A35 /* Git_TestTests.m */ = {isa = PBXFileReference; lastKnownFileType = sourcecode.c.objc; path = Git_TestTests.m; sourceTree = "<group>"; };
/* End PBXFileReference section */

/* Begin PBXFrameworksBuildPhase section */
		D487349019C2E33600F66A35 /* Frameworks */ = {
			isa = PBXFrameworksBuildPhase;
			buildActionMask = 2147483647;
			files = (
				D487349919C2E33600F66A35 /* CoreGraphics.framework in Frameworks */,
				D487349B19C2E33600F66A35 /* UIKit.framework in Frameworks */,
				D487349719C2E33600F66A35 /* Foundation.framework in Frameworks */,
			);
			runOnlyForDeploymentPostprocessing = 0;
		};
		D48734B119C2E33600F66A35 /* Frameworks */ = {
			isa = PBXFrameworksBuildPhase;
			buildActionMask = 2147483647;
			files = (
				D48734B619C2E33600F66A35 /* XCTest.framework in Frameworks */,
				D48734B819C2E33600F66A35 /* UIKit.framework in Frameworks */,
				D48734B719C2E33600F66A35 /* Foundation.framework in Frameworks */,
			);
			runOnlyForDeploymentPostprocessing = 0;
		};
/* End PBXFrameworksBuildPhase section */

/* Begin PBXGroup section */
		D487348A19C2E33600F66A35 = {
			isa = PBXGroup;
			children = (
				D487349C19C2E33600F66A35 /* Git Test */,
				D48734BB19C2E33600F66A35 /* Git TestTests */,
				D487349519C2E33600F66A35 /* Frameworks */,
				D487349419C2E33600F66A35 /* Products */,
			);
			sourceTree = "<group>";
		};
		D487349419C2E33600F66A35 /* Products */ = {
			isa = PBXGroup;
			children = (
				D487349319C2E33600F66A35 /* Git Test.app */,
				D48734B419C2E33600F66A35 /* Git TestTests.xctest */,
			);
			name = Products;
			sourceTree = "<group>";
		};
		D487349519C2E33600F66A35 /* Frameworks */ = {
			isa = PBXGroup;
			children = (
				D487349619C2E33600F66A35 /* Foundation.framework */,
				D487349819C2E33600F66A35 /* CoreGraphics.framework */,
				D487349A19C2E33600F66A35 /* UIKit.framework */,
				D48734B519C2E33600F66A35 /* XCTest.framework */,
			);
			name = Frameworks;
			sourceTree = "<group>";
		};
		D487349C19C2E33600F66A35 /* Git Test */ = {
			isa = PBXGroup;
			children = (
				D48734A519C2E33600F66A35 /* GIGAppDelegate.h */,
				D48734A619C2E33600F66A35 /* GIGAppDelegate.m */,
				D48734A819C2E33600F66A35 /* Main.storyboard */,
				D48734AB19C2E33600F66A35 /* GIGViewController.h */,
				D48734AC19C2E33600F66A35 /* GIGViewController.m */,
				D48734AE19C2E33600F66A35 /* Images.xcassets */,
				D487349D19C2E33600F66A35 /* Supporting Files */,
			);
			path = "Git Test";
			sourceTree = "<group>";
		};
		D487349D19C2E33600F66A35 /* Supporting Files */ = {
			isa = PBXGroup;
			children = (
				D487349E19C2E33600F66A35 /* Git Test-Info.plist */,
				D487349F19C2E33600F66A35 /* InfoPlist.strings */,
				D48734A219C2E33600F66A35 /* main.m */,
				D48734A419C2E33600F66A35 /* Git Test-Prefix.pch */,
			);
			name = "Supporting Files";
			sourceTree = "<group>";
		};
		D48734BB19C2E33600F66A35 /* Git TestTests */ = {
			isa = PBXGroup;
			children = (
				D48734C119C2E33600F66A35 /* Git_TestTests.m */,
				D48734BC19C2E33600F66A35 /* Supporting Files */,
			);
			path = "Git TestTests";
			sourceTree = "<group>";
		};
		D48734BC19C2E33600F66A35 /* Supporting Files */ = {
			isa = PBXGroup;
			children = (
				D48734BD19C2E33600F66A35 /* Git TestTests-Info.plist */,
				D48734BE19C2E33600F66A35 /* InfoPlist.strings */,
			);
			name = "Supporting Files";
			sourceTree = "<group>";
		};
/* End PBXGroup section */

/* Begin PBXNativeTarget section */
		D487349219C2E33600F66A35 /* Git Test */ = {
			isa = PBXNativeTarget;
			buildConfigurationList = D48734C519C2E33600F66A35 /* Build configuration list for PBXNativeTarget "Git Test" */;
			buildPhases = (
				D487348F19C2E33600F66A35 /* Sources */,
				D487349019C2E33600F66A35 /* Frameworks */,
				D487349119C2E33600F66A35 /* Resources */,
			);
			buildRules = (
			);
			dependencies = (
			);
			name = "Git Test";
			productName = "Git Test";
			productReference = D487349319C2E33600F66A35 /* Git Test.app */;
			productType = "com.apple.product-type.application";
		};
		D48734B319C2E33600F66A35 /* Git TestTests */ = {
			isa = PBXNativeTarget;
			buildConfigurationList = D48734C819C2E33600F66A35 /* Build configuration list for PBXNativeTarget "Git TestTests" */;
			buildPhases = (
				D48734B019C2E33600F66A35 /* Sources */,
				D48734B119C2E33600F66A35 /* Frameworks */,
				D48734B219C2E33600F66A35 /* Resources */,
			);
			buildRules = (
			);
			dependencies = (
				D48734BA19C2E33600F66A35 /* PBXTargetDependency */,
			);
			name = "Git TestTests";
			productName = "Git TestTests";
			productReference = D48734B419C2E33600F66A35 /* Git TestTests.xctest */;
			productType = "com.apple.product-type.bundle.unit-test";
		};
/* End PBXNativeTarget section */

/* Begin PBXProject section */
		D487348B19C2E33600F66A35 /* Project object */ = {
			isa = PBXProject;
			attributes = {
				CLASSPREFIX = GIG;
				LastUpgradeCheck = 0510;
				ORGANIZATIONNAME = "Get IT Going";
				TargetAttributes = {
					D48734B319C2E33600F66A35 = {
						TestTargetID = D487349219C2E33600F66A35;
					};
				};
			};
			buildConfigurationList = D487348E19C2E33600F66A35 /* Build configuration list for PBXProject "Git Test" */;
			compatibilityVersion = "Xcode 3.2";
			developmentRegion = English;
			hasScannedForEncodings = 0;
			knownRegions = (
				en,
				Base,
			);
			mainGroup = D487348A19C2E33600F66A35;
			productRefGroup = D487349419C2E33600F66A35 /* Products */;
			projectDirPath = "";
			projectRoot = "";
			targets = (
				D487349219C2E33600F66A35 /* Git Test */,
				D48734B319C2E33600F66A35 /* Git TestTests */,
			);
		};
/* End PBXProject section */

/* Begin PBXResourcesBuildPhase section */
		D487349119C2E33600F66A35 /* Resources */ = {
			isa = PBXResourcesBuildPhase;
			buildActionMask = 2147483647;
			files = (
				D48734AF19C2E33600F66A35 /* Images.xcassets in Resources */,
				D48734A119C2E33600F66A35 /* InfoPlist.strings in Resources */,
				D48734AA19C2E33600F66A35 /* Main.storyboard in Resources */,
			);
			runOnlyForDeploymentPostprocessing = 0;
		};
		D48734B219C2E33600F66A35 /* Resources */ = {
			isa = PBXResourcesBuildPhase;
			buildActionMask = 2147483647;
			files = (
				D48734C019C2E33600F66A35 /* InfoPlist.strings in Resources */,
			);
			runOnlyForDeploymentPostprocessing = 0;
		};
/* End PBXResourcesBuildPhase section */

/* Begin PBXSourcesBuildPhase section */
		D487348F19C2E33600F66A35 /* Sources */ = {
			isa = PBXSourcesBuildPhase;
			buildActionMask = 2147483647;
			files = (
				D48734AD19C2E33600F66A35 /* GIGViewController.m in Sources */,
				D48734A719C2E33600F66A35 /* GIGAppDelegate.m in Sources */,
				D48734A319C2E33600F66A35 /* main.m in Sources */,
			);
			runOnlyForDeploymentPostprocessing = 0;
		};
		D48734B019C2E33600F66A35 /* Sources */ = {
			isa = PBXSourcesBuildPhase;
			buildActionMask = 2147483647;
			files = (
				D48734C219C2E33600F66A35 /* Git_TestTests.m in Sources */,
			);
			runOnlyForDeploymentPostprocessing = 0;
		};
/* End PBXSourcesBuildPhase section */

/* Begin PBXTargetDependency section */
		D48734BA19C2E33600F66A35 /* PBXTargetDependency */ = {
			isa = PBXTargetDependency;
			target = D487349219C2E33600F66A35 /* Git Test */;
			targetProxy = D48734B919C2E33600F66A35 /* PBXContainerItemProxy */;
		};
/* End PBXTargetDependency section */

/* Begin PBXVariantGroup section */
		D487349F19C2E33600F66A35 /* InfoPlist.strings */ = {
			isa = PBXVariantGroup;
			children = (
				D48734A019C2E33600F66A35 /* en */,
			);
			name = InfoPlist.strings;
			sourceTree = "<group>";
		};
		D48734A819C2E33600F66A35 /* Main.storyboard */ = {
			isa = PBXVariantGroup;
			children = (
				D48734A919C2E33600F66A35 /* Base */,
			);
			name = Main.storyboard;
			sourceTree = "<group>";
		};
		D48734BE19C2E33600F66A35 /* InfoPlist.strings */ = {
			isa = PBXVariantGroup;
			children = (
				D48734BF19C2E33600F66A35 /* en */,
			);
			name = InfoPlist.strings;
			sourceTree = "<group>";
		};
/* End PBXVariantGroup section */

/* Begin XCBuildConfiguration section */
		D48734C319C2E33600F66A35 /* Debug */ = {
			isa = XCBuildConfiguration;
			buildSettings = {
				ALWAYS_SEARCH_USER_PATHS = NO;
				CLANG_CXX_LANGUAGE_STANDARD = "gnu++0x";
				CLANG_CXX_LIBRARY = "libc++";
				CLANG_ENABLE_MODULES = YES;
				CLANG_ENABLE_OBJC_ARC = YES;
				CLANG_WARN_BOOL_CONVERSION = YES;
				CLANG_WARN_CONSTANT_CONVERSION = YES;
				CLANG_WARN_DIRECT_OBJC_ISA_USAGE = YES_ERROR;
				CLANG_WARN_EMPTY_BODY = YES;
				CLANG_WARN_ENUM_CONVERSION = YES;
				CLANG_WARN_INT_CONVERSION = YES;
				CLANG_WARN_OBJC_ROOT_CLASS = YES_ERROR;
				CLANG_WARN__DUPLICATE_METHOD_MATCH = YES;
				"CODE_SIGN_IDENTITY[sdk=iphoneos*]" = "iPhone Developer";
				COPY_PHASE_STRIP = NO;
				GCC_C_LANGUAGE_STANDARD = gnu99;
				GCC_DYNAMIC_NO_PIC = NO;
				GCC_OPTIMIZATION_LEVEL = 0;
				GCC_PREPROCESSOR_DEFINITIONS = (
					"DEBUG=1",
					"$(inherited)",
				);
				GCC_SYMBOLS_PRIVATE_EXTERN = NO;
				GCC_WARN_64_TO_32_BIT_CONVERSION = YES;
				GCC_WARN_ABOUT_RETURN_TYPE = YES_ERROR;
				GCC_WARN_UNDECLARED_SELECTOR = YES;
				GCC_WARN_UNINITIALIZED_AUTOS = YES_AGGRESSIVE;
				GCC_WARN_UNUSED_FUNCTION = YES;
				GCC_WARN_UNUSED_VARIABLE = YES;
				IPHONEOS_DEPLOYMENT_TARGET = 7.1;
				ONLY_ACTIVE_ARCH = YES;
				SDKROOT = iphoneos;
			};
			name = Debug;
		};
		D48734C419C2E33600F66A35 /* Release */ = {
			isa = XCBuildConfiguration;
			buildSettings = {
				ALWAYS_SEARCH_USER_PATHS = NO;
				CLANG_CXX_LANGUAGE_STANDARD = "gnu++0x";
				CLANG_CXX_LIBRARY = "libc++";
				CLANG_ENABLE_MODULES = YES;
				CLANG_ENABLE_OBJC_ARC = YES;
				CLANG_WARN_BOOL_CONVERSION = YES;
				CLANG_WARN_CONSTANT_CONVERSION = YES;
				CLANG_WARN_DIRECT_OBJC_ISA_USAGE = YES_ERROR;
				CLANG_WARN_EMPTY_BODY = YES;
				CLANG_WARN_ENUM_CONVERSION = YES;
				CLANG_WARN_INT_CONVERSION = YES;
				CLANG_WARN_OBJC_ROOT_CLASS = YES_ERROR;
				CLANG_WARN__DUPLICATE_METHOD_MATCH = YES;
				"CODE_SIGN_IDENTITY[sdk=iphoneos*]" = "iPhone Developer";
				COPY_PHASE_STRIP = YES;
				ENABLE_NS_ASSERTIONS = NO;
				GCC_C_LANGUAGE_STANDARD = gnu99;
				GCC_WARN_64_TO_32_BIT_CONVERSION = YES;
				GCC_WARN_ABOUT_RETURN_TYPE = YES_ERROR;
				GCC_WARN_UNDECLARED_SELECTOR = YES;
				GCC_WARN_UNINITIALIZED_AUTOS = YES_AGGRESSIVE;
				GCC_WARN_UNUSED_FUNCTION = YES;
				GCC_WARN_UNUSED_VARIABLE = YES;
				IPHONEOS_DEPLOYMENT_TARGET = 7.1;
				SDKROOT = iphoneos;
				VALIDATE_PRODUCT = YES;
			};
			name = Release;
		};
		D48734C619C2E33600F66A35 /* Debug */ = {
			isa = XCBuildConfiguration;
			buildSettings = {
				ASSETCATALOG_COMPILER_APPICON_NAME = AppIcon;
				ASSETCATALOG_COMPILER_LAUNCHIMAGE_NAME = LaunchImage;
				GCC_PRECOMPILE_PREFIX_HEADER = YES;
				GCC_PREFIX_HEADER = "Git Test/Git Test-Prefix.pch";
				INFOPLIST_FILE = "Git Test/Git Test-Info.plist";
				PRODUCT_NAME = "$(TARGET_NAME)";
				WRAPPER_EXTENSION = app;
			};
			name = Debug;
		};
		D48734C719C2E33600F66A35 /* Release */ = {
			isa = XCBuildConfiguration;
			buildSettings = {
				ASSETCATALOG_COMPILER_APPICON_NAME = AppIcon;
				ASSETCATALOG_COMPILER_LAUNCHIMAGE_NAME = LaunchImage;
				GCC_PRECOMPILE_PREFIX_HEADER = YES;
				GCC_PREFIX_HEADER = "Git Test/Git Test-Prefix.pch";
				INFOPLIST_FILE = "Git Test/Git Test-Info.plist";
				PRODUCT_NAME = "$(TARGET_NAME)";
				WRAPPER_EXTENSION = app;
			};
			name = Release;
		};
		D48734C919C2E33600F66A35 /* Debug */ = {
			isa = XCBuildConfiguration;
			buildSettings = {
				BUNDLE_LOADER = "$(BUILT_PRODUCTS_DIR)/Git Test.app/Git Test";
				FRAMEWORK_SEARCH_PATHS = (
					"$(SDKROOT)/Developer/Library/Frameworks",
					"$(inherited)",
					"$(DEVELOPER_FRAMEWORKS_DIR)",
				);
				GCC_PRECOMPILE_PREFIX_HEADER = YES;
				GCC_PREFIX_HEADER = "Git Test/Git Test-Prefix.pch";
				GCC_PREPROCESSOR_DEFINITIONS = (
					"DEBUG=1",
					"$(inherited)",
				);
				INFOPLIST_FILE = "Git TestTests/Git TestTests-Info.plist";
				PRODUCT_NAME = "$(TARGET_NAME)";
				TEST_HOST = "$(BUNDLE_LOADER)";
				WRAPPER_EXTENSION = xctest;
			};
			name = Debug;
		};
		D48734CA19C2E33600F66A35 /* Release */ = {
			isa = XCBuildConfiguration;
			buildSettings = {
				BUNDLE_LOADER = "$(BUILT_PRODUCTS_DIR)/Git Test.app/Git Test";
				FRAMEWORK_SEARCH_PATHS = (
					"$(SDKROOT)/Developer/Library/Frameworks",
					"$(inherited)",
					"$(DEVELOPER_FRAMEWORKS_DIR)",
				);
				GCC_PRECOMPILE_PREFIX_HEADER = YES;
				GCC_PREFIX_HEADER = "Git Test/Git Test-Prefix.pch";
				INFOPLIST_FILE = "Git TestTests/Git TestTests-Info.plist";
				PRODUCT_NAME = "$(TARGET_NAME)";
				TEST_HOST = "$(BUNDLE_LOADER)";
				WRAPPER_EXTENSION = xctest;
			};
			name = Release;
		};
/* End XCBuildConfiguration section */

/* Begin XCConfigurationList section */
		D487348E19C2E33600F66A35 /* Build configuration list for PBXProject "Git Test" */ = {
			isa = XCConfigurationList;
			buildConfigurations = (
				D48734C319C2E33600F66A35 /* Debug */,
				D48734C419C2E33600F66A35 /* Release */,
			);
			defaultConfigurationIsVisible = 0;
			defaultConfigurationName = Release;
		};
		D48734C519C2E33600F66A35 /* Build configuration list for PBXNativeTarget "Git Test" */ = {
			isa = XCConfigurationList;
			buildConfigurations = (
				D48734C619C2E33600F66A35 /* Debug */,
				D48734C719C2E33600F66A35 /* Release */,
			);
			defaultConfigurationIsVisible = 0;
		};
		D48734C819C2E33600F66A35 /* Build configuration list for PBXNativeTarget "Git TestTests" */ = {
			isa = XCConfigurationList;
			buildConfigurations = (
				D48734C919C2E33600F66A35 /* Debug */,
				D48734CA19C2E33600F66A35 /* Release */,
			);
			defaultConfigurationIsVisible = 0;
		};
/* End XCConfigurationList section */
	};
	rootObject = D487348B19C2E33600F66A35 /* Project object */;
}
